
Microsoft Visual Studio Solution File, Format Version 12.00
# Visual Studio Version 17
VisualStudioVersion = 17.11.35222.181
MinimumVisualStudioVersion = 10.0.40219.1
Project("{FAE04EC0-301F-11D3-BF4B-00C04F79EFBC}") = "SeguroAutomóveis", "SeguroAutomóveis.csproj", "{067C7FC5-94D1-44DB-B72E-C05738A3EEC5}"
EndProject
Global
	GlobalSection(SolutionConfigurationPlatforms) = preSolution
		Debug|Any CPU = Debug|Any CPU
		Release|Any CPU = Release|Any CPU
	EndGlobalSection
	GlobalSection(ProjectConfigurationPlatforms) = postSolution
		{067C7FC5-94D1-44DB-B72E-C05738A3EEC5}.Debug|Any CPU.ActiveCfg = Debug|Any CPU
		{067C7FC5-94D1-44DB-B72E-C05738A3EEC5}.Debug|Any CPU.Build.0 = Debug|Any CPU
		{067C7FC5-94D1-44DB-B72E-C05738A3EEC5}.Release|Any CPU.ActiveCfg = Release|Any CPU
		{067C7FC5-94D1-44DB-B72E-C05738A3EEC5}.Release|Any CPU.Build.0 = Release|Any CPU
	EndGlobalSection
	GlobalSection(SolutionProperties) = preSolution
		HideSolutionNode = FALSE
	EndGlobalSection
	GlobalSection(ExtensibilityGlobals) = postSolution
		SolutionGuid = {25DC8543-89FC-470D-A167-4FF64F66A730}
	EndGlobalSection
EndGlobal
